
Microsoft Visual Studio Solution File, Format Version 12.00
# Visual Studio Version 17
VisualStudioVersion = 17.3.32819.101
MinimumVisualStudioVersion = 10.0.40219.1
Project("{FAE04EC0-301F-11D3-BF4B-00C04F79EFBC}") = "Weight converter", "Weight converter.csproj", "{907D745D-14B0-47A4-8811-5CEB6C0E595C}"
EndProject
Global
	GlobalSection(SolutionConfigurationPlatforms) = preSolution
		Debug|Any CPU = Debug|Any CPU
		Release|Any CPU = Release|Any CPU
	EndGlobalSection
	GlobalSection(ProjectConfigurationPlatforms) = postSolution
		{907D745D-14B0-47A4-8811-5CEB6C0E595C}.Debug|Any CPU.ActiveCfg = Debug|Any CPU
		{907D745D-14B0-47A4-8811-5CEB6C0E595C}.Debug|Any CPU.Build.0 = Debug|Any CPU
		{907D745D-14B0-47A4-8811-5CEB6C0E595C}.Release|Any CPU.ActiveCfg = Release|Any CPU
		{907D745D-14B0-47A4-8811-5CEB6C0E595C}.Release|Any CPU.Build.0 = Release|Any CPU
	EndGlobalSection
	GlobalSection(SolutionProperties) = preSolution
		HideSolutionNode = FALSE
	EndGlobalSection
	GlobalSection(ExtensibilityGlobals) = postSolution
		SolutionGuid = {D28409B7-68D0-4F7E-A18F-60CF9A5A3718}
	EndGlobalSection
EndGlobal
